
Microsoft Visual Studio Solution File, Format Version 12.00
# Visual Studio Version 17
VisualStudioVersion = 17.8.34511.84
MinimumVisualStudioVersion = 10.0.40219.1
Project("{FAE04EC0-301F-11D3-BF4B-00C04F79EFBC}") = "AutoMapperExample", "AutoMapperExample\AutoMapperExample.csproj", "{1104A67F-8BB5-4602-ACA6-8F0F2A5EA557}"
EndProject
Global
	GlobalSection(SolutionConfigurationPlatforms) = preSolution
		Debug|Any CPU = Debug|Any CPU
		Release|Any CPU = Release|Any CPU
	EndGlobalSection
	GlobalSection(ProjectConfigurationPlatforms) = postSolution
		{1104A67F-8BB5-4602-ACA6-8F0F2A5EA557}.Debug|Any CPU.ActiveCfg = Debug|Any CPU
		{1104A67F-8BB5-4602-ACA6-8F0F2A5EA557}.Debug|Any CPU.Build.0 = Debug|Any CPU
		{1104A67F-8BB5-4602-ACA6-8F0F2A5EA557}.Release|Any CPU.ActiveCfg = Release|Any CPU
		{1104A67F-8BB5-4602-ACA6-8F0F2A5EA557}.Release|Any CPU.Build.0 = Release|Any CPU
	EndGlobalSection
	GlobalSection(SolutionProperties) = preSolution
		HideSolutionNode = FALSE
	EndGlobalSection
	GlobalSection(ExtensibilityGlobals) = postSolution
		SolutionGuid = {EA50E3F6-666B-4272-ABA3-68D355FFC76B}
	EndGlobalSection
EndGlobal
